
Microsoft Visual Studio Solution File, Format Version 12.00
# Visual Studio Version 16
VisualStudioVersion = 16.0.29613.14
MinimumVisualStudioVersion = 10.0.40219.1
Project("{9A19103F-16F7-4668-BE54-9A1E7A4F7556}") = "API.Calculardora", "API.Calculardora.csproj", "{CBD4E371-9597-48CE-ACC4-AE869BD4946E}"
EndProject
Global
	GlobalSection(SolutionConfigurationPlatforms) = preSolution
		Debug|Any CPU = Debug|Any CPU
		Release|Any CPU = Release|Any CPU
	EndGlobalSection
	GlobalSection(ProjectConfigurationPlatforms) = postSolution
		{CBD4E371-9597-48CE-ACC4-AE869BD4946E}.Debug|Any CPU.ActiveCfg = Debug|Any CPU
		{CBD4E371-9597-48CE-ACC4-AE869BD4946E}.Debug|Any CPU.Build.0 = Debug|Any CPU
		{CBD4E371-9597-48CE-ACC4-AE869BD4946E}.Release|Any CPU.ActiveCfg = Release|Any CPU
		{CBD4E371-9597-48CE-ACC4-AE869BD4946E}.Release|Any CPU.Build.0 = Release|Any CPU
	EndGlobalSection
	GlobalSection(SolutionProperties) = preSolution
		HideSolutionNode = FALSE
	EndGlobalSection
	GlobalSection(ExtensibilityGlobals) = postSolution
		SolutionGuid = {5868A1F1-BF8F-49A0-A249-69E5240CCB94}
	EndGlobalSection
EndGlobal
